
Microsoft Visual Studio Solution File, Format Version 12.00
# Visual Studio Version 17
VisualStudioVersion = 17.0.32014.148
MinimumVisualStudioVersion = 10.0.40219.1
Project("{00D1A9C2-B5F0-4AF3-8072-F6C62B433612}") = "database", "database\database.sqlproj", "{E2DCCC91-6E40-4C36-AB4C-76923E168EA6}"
EndProject
Global
	GlobalSection(SolutionConfigurationPlatforms) = preSolution
		Debug|Any CPU = Debug|Any CPU
		Release|Any CPU = Release|Any CPU
	EndGlobalSection
	GlobalSection(ProjectConfigurationPlatforms) = postSolution
		{E2DCCC91-6E40-4C36-AB4C-76923E168EA6}.Debug|Any CPU.ActiveCfg = Debug|Any CPU
		{E2DCCC91-6E40-4C36-AB4C-76923E168EA6}.Debug|Any CPU.Build.0 = Debug|Any CPU
		{E2DCCC91-6E40-4C36-AB4C-76923E168EA6}.Debug|Any CPU.Deploy.0 = Debug|Any CPU
		{E2DCCC91-6E40-4C36-AB4C-76923E168EA6}.Release|Any CPU.ActiveCfg = Release|Any CPU
		{E2DCCC91-6E40-4C36-AB4C-76923E168EA6}.Release|Any CPU.Build.0 = Release|Any CPU
		{E2DCCC91-6E40-4C36-AB4C-76923E168EA6}.Release|Any CPU.Deploy.0 = Release|Any CPU
	EndGlobalSection
	GlobalSection(SolutionProperties) = preSolution
		HideSolutionNode = FALSE
	EndGlobalSection
	GlobalSection(ExtensibilityGlobals) = postSolution
		SolutionGuid = {5DE671FE-7FF3-45FC-B1C8-51EAA62C2766}
	EndGlobalSection
EndGlobal
